
Microsoft Visual Studio Solution File, Format Version 12.00
# Visual Studio Version 16
VisualStudioVersion = 16.0.30523.141
MinimumVisualStudioVersion = 10.0.40219.1
Project("{FAE04EC0-301F-11D3-BF4B-00C04F79EFBC}") = "BuildUp", "BuildUp\BuildUp.csproj", "{8465099F-B24B-4A3D-A5CD-695FE5ACAC40}"
EndProject
Global
	GlobalSection(SolutionConfigurationPlatforms) = preSolution
		Debug|Any CPU = Debug|Any CPU
		Release|Any CPU = Release|Any CPU
	EndGlobalSection
	GlobalSection(ProjectConfigurationPlatforms) = postSolution
		{8465099F-B24B-4A3D-A5CD-695FE5ACAC40}.Debug|Any CPU.ActiveCfg = Debug|Any CPU
		{8465099F-B24B-4A3D-A5CD-695FE5ACAC40}.Debug|Any CPU.Build.0 = Debug|Any CPU
		{8465099F-B24B-4A3D-A5CD-695FE5ACAC40}.Release|Any CPU.ActiveCfg = Release|Any CPU
		{8465099F-B24B-4A3D-A5CD-695FE5ACAC40}.Release|Any CPU.Build.0 = Release|Any CPU
	EndGlobalSection
	GlobalSection(SolutionProperties) = preSolution
		HideSolutionNode = FALSE
	EndGlobalSection
	GlobalSection(ExtensibilityGlobals) = postSolution
		SolutionGuid = {C3A9B5FA-097F-49D6-A860-D7E65C11BB5E}
	EndGlobalSection
EndGlobal
